
Microsoft Visual Studio Solution File, Format Version 12.00
# Visual Studio 14
VisualStudioVersion = 14.0.25420.1
MinimumVisualStudioVersion = 10.0.40219.1
Project("{FAE04EC0-301F-11D3-BF4B-00C04F79EFBC}") = "ChatGraphics", "TwitchChatGraphics\ChatGraphics.csproj", "{D743020F-DE56-4265-A57D-B09C1AC4E07E}"
EndProject
Project("{2150E333-8FDC-42A3-9474-1A3956D46DE8}") = "Solution Items", "Solution Items", "{C8F00D14-7B53-4B54-9F16-082DB24F671A}"
	ProjectSection(SolutionItems) = preProject
		pansy.PNG = pansy.PNG
		README.md = README.md
	EndProjectSection
EndProject
Global
	GlobalSection(SolutionConfigurationPlatforms) = preSolution
		Debug|Any CPU = Debug|Any CPU
		Release|Any CPU = Release|Any CPU
	EndGlobalSection
	GlobalSection(ProjectConfigurationPlatforms) = postSolution
		{D743020F-DE56-4265-A57D-B09C1AC4E07E}.Debug|Any CPU.ActiveCfg = Debug|Any CPU
		{D743020F-DE56-4265-A57D-B09C1AC4E07E}.Debug|Any CPU.Build.0 = Debug|Any CPU
		{D743020F-DE56-4265-A57D-B09C1AC4E07E}.Release|Any CPU.ActiveCfg = Release|Any CPU
		{D743020F-DE56-4265-A57D-B09C1AC4E07E}.Release|Any CPU.Build.0 = Release|Any CPU
	EndGlobalSection
	GlobalSection(SolutionProperties) = preSolution
		HideSolutionNode = FALSE
	EndGlobalSection
EndGlobal
